
Microsoft Visual Studio Solution File, Format Version 12.00
# Visual Studio Version 16
VisualStudioVersion = 16.0.29215.179
MinimumVisualStudioVersion = 10.0.40219.1
Project("{FAE04EC0-301F-11D3-BF4B-00C04F79EFBC}") = "InterfacePlugin", "InterfacePlugin\InterfacePlugin.csproj", "{70239892-BAA3-402F-9FDA-57E8954967D9}"
EndProject
Global
	GlobalSection(SolutionConfigurationPlatforms) = preSolution
		Debug|Any CPU = Debug|Any CPU
		Release|Any CPU = Release|Any CPU
	EndGlobalSection
	GlobalSection(ProjectConfigurationPlatforms) = postSolution
		{70239892-BAA3-402F-9FDA-57E8954967D9}.Debug|Any CPU.ActiveCfg = Debug|Any CPU
		{70239892-BAA3-402F-9FDA-57E8954967D9}.Debug|Any CPU.Build.0 = Debug|Any CPU
		{70239892-BAA3-402F-9FDA-57E8954967D9}.Release|Any CPU.ActiveCfg = Release|Any CPU
		{70239892-BAA3-402F-9FDA-57E8954967D9}.Release|Any CPU.Build.0 = Release|Any CPU
	EndGlobalSection
	GlobalSection(SolutionProperties) = preSolution
		HideSolutionNode = FALSE
	EndGlobalSection
	GlobalSection(ExtensibilityGlobals) = postSolution
		SolutionGuid = {26C82299-AD24-45D6-B496-05AF554F83DE}
	EndGlobalSection
EndGlobal
